// !$*UTF8*$!
{
	archiveVersion = 1;
	classes = {
	};
	objectVersion = 55;
	objects = {

/* Begin PBXBuildFile section */
		9836190128BEE18D00722EC0 /* AppDelegate.swift in Sources */ = {isa = PBXBuildFile; fileRef = 9836190028BEE18D00722EC0 /* AppDelegate.swift */; };
		9836190328BEE18D00722EC0 /* SceneDelegate.swift in Sources */ = {isa = PBXBuildFile; fileRef = 9836190228BEE18D00722EC0 /* SceneDelegate.swift */; };
		9836190528BEE18D00722EC0 /* ViewController.swift in Sources */ = {isa = PBXBuildFile; fileRef = 9836190428BEE18D00722EC0 /* ViewController.swift */; };
		9836190828BEE18D00722EC0 /* Main.storyboard in Resources */ = {isa = PBXBuildFile; fileRef = 9836190628BEE18D00722EC0 /* Main.storyboard */; };
		9836190A28BEE19200722EC0 /* Assets.xcassets in Resources */ = {isa = PBXBuildFile; fileRef = 9836190928BEE19200722EC0 /* Assets.xcassets */; };
		9836190D28BEE19200722EC0 /* LaunchScreen.storyboard in Resources */ = {isa = PBXBuildFile; fileRef = 9836190B28BEE19200722EC0 /* LaunchScreen.storyboard */; };
		98F766A328BEE3B000405BBC /* CodingTipViewController.swift in Sources */ = {isa = PBXBuildFile; fileRef = 98F766A228BEE3B000405BBC /* CodingTipViewController.swift */; };
		98F766A528BF06CF00405BBC /* SettingTableViewController.swift in Sources */ = {isa = PBXBuildFile; fileRef = 98F766A428BF06CF00405BBC /* SettingTableViewController.swift */; };
		98F766A728BF20A100405BBC /* Setting.storyboard in Resources */ = {isa = PBXBuildFile; fileRef = 98F766A628BF20A100405BBC /* Setting.storyboard */; };
/* End PBXBuildFile section */

/* Begin PBXFileReference section */
		983618FD28BEE18D00722EC0 /* TrendMedia_Assignment.app */ = {isa = PBXFileReference; explicitFileType = wrapper.application; includeInIndex = 0; path = TrendMedia_Assignment.app; sourceTree = BUILT_PRODUCTS_DIR; };
		9836190028BEE18D00722EC0 /* AppDelegate.swift */ = {isa = PBXFileReference; lastKnownFileType = sourcecode.swift; path = AppDelegate.swift; sourceTree = "<group>"; };
		9836190228BEE18D00722EC0 /* SceneDelegate.swift */ = {isa = PBXFileReference; lastKnownFileType = sourcecode.swift; path = SceneDelegate.swift; sourceTree = "<group>"; };
		9836190428BEE18D00722EC0 /* ViewController.swift */ = {isa = PBXFileReference; lastKnownFileType = sourcecode.swift; path = ViewController.swift; sourceTree = "<group>"; };
		9836190728BEE18D00722EC0 /* Base */ = {isa = PBXFileReference; lastKnownFileType = file.storyboard; name = Base; path = Base.lproj/Main.storyboard; sourceTree = "<group>"; };
		9836190928BEE19200722EC0 /* Assets.xcassets */ = {isa = PBXFileReference; lastKnownFileType = folder.assetcatalog; path = Assets.xcassets; sourceTree = "<group>"; };
		9836190C28BEE19200722EC0 /* Base */ = {isa = PBXFileReference; lastKnownFileType = file.storyboard; name = Base; path = Base.lproj/LaunchScreen.storyboard; sourceTree = "<group>"; };
		9836190E28BEE19200722EC0 /* Info.plist */ = {isa = PBXFileReference; lastKnownFileType = text.plist.xml; path = Info.plist; sourceTree = "<group>"; };
		98F766A228BEE3B000405BBC /* CodingTipViewController.swift */ = {isa = PBXFileReference; lastKnownFileType = sourcecode.swift; path = CodingTipViewController.swift; sourceTree = "<group>"; };
		98F766A428BF06CF00405BBC /* SettingTableViewController.swift */ = {isa = PBXFileReference; lastKnownFileType = sourcecode.swift; path = SettingTableViewController.swift; sourceTree = "<group>"; };
		98F766A628BF20A100405BBC /* Setting.storyboard */ = {isa = PBXFileReference; lastKnownFileType = file.storyboard; path = Setting.storyboard; sourceTree = "<group>"; };
/* End PBXFileReference section */

/* Begin PBXFrameworksBuildPhase section */
		983618FA28BEE18D00722EC0 /* Frameworks */ = {
			isa = PBXFrameworksBuildPhase;
			buildActionMask = 2147483647;
			files = (
			);
			runOnlyForDeploymentPostprocessing = 0;
		};
/* End PBXFrameworksBuildPhase section */

/* Begin PBXGroup section */
		983618F428BEE18C00722EC0 = {
			isa = PBXGroup;
			children = (
				983618FF28BEE18D00722EC0 /* TrendMedia_Assignment */,
				983618FE28BEE18D00722EC0 /* Products */,
			);
			sourceTree = "<group>";
		};
		983618FE28BEE18D00722EC0 /* Products */ = {
			isa = PBXGroup;
			children = (
				983618FD28BEE18D00722EC0 /* TrendMedia_Assignment.app */,
			);
			name = Products;
			sourceTree = "<group>";
		};
		983618FF28BEE18D00722EC0 /* TrendMedia_Assignment */ = {
			isa = PBXGroup;
			children = (
				9836190028BEE18D00722EC0 /* AppDelegate.swift */,
				9836190228BEE18D00722EC0 /* SceneDelegate.swift */,
				9836190428BEE18D00722EC0 /* ViewController.swift */,
				9836190628BEE18D00722EC0 /* Main.storyboard */,
				98F766A628BF20A100405BBC /* Setting.storyboard */,
				98F766A428BF06CF00405BBC /* SettingTableViewController.swift */,
				98F766A228BEE3B000405BBC /* CodingTipViewController.swift */,
				9836190928BEE19200722EC0 /* Assets.xcassets */,
				9836190B28BEE19200722EC0 /* LaunchScreen.storyboard */,
				9836190E28BEE19200722EC0 /* Info.plist */,
			);
			path = TrendMedia_Assignment;
			sourceTree = "<group>";
		};
/* End PBXGroup section */

/* Begin PBXNativeTarget section */
		983618FC28BEE18D00722EC0 /* TrendMedia_Assignment */ = {
			isa = PBXNativeTarget;
			buildConfigurationList = 9836191128BEE19200722EC0 /* Build configuration list for PBXNativeTarget "TrendMedia_Assignment" */;
			buildPhases = (
				983618F928BEE18D00722EC0 /* Sources */,
				983618FA28BEE18D00722EC0 /* Frameworks */,
				983618FB28BEE18D00722EC0 /* Resources */,
			);
			buildRules = (
			);
			dependencies = (
			);
			name = TrendMedia_Assignment;
			productName = TrendMedia_Assignment;
			productReference = 983618FD28BEE18D00722EC0 /* TrendMedia_Assignment.app */;
			productType = "com.apple.product-type.application";
		};
/* End PBXNativeTarget section */

/* Begin PBXProject section */
		983618F528BEE18C00722EC0 /* Project object */ = {
			isa = PBXProject;
			attributes = {
				BuildIndependentTargetsInParallel = 1;
				LastSwiftUpdateCheck = 1340;
				LastUpgradeCheck = 1340;
				TargetAttributes = {
					983618FC28BEE18D00722EC0 = {
						CreatedOnToolsVersion = 13.4.1;
					};
				};
			};
			buildConfigurationList = 983618F828BEE18C00722EC0 /* Build configuration list for PBXProject "TrendMedia_Assignment" */;
			compatibilityVersion = "Xcode 13.0";
			developmentRegion = en;
			hasScannedForEncodings = 0;
			knownRegions = (
				en,
				Base,
			);
			mainGroup = 983618F428BEE18C00722EC0;
			productRefGroup = 983618FE28BEE18D00722EC0 /* Products */;
			projectDirPath = "";
			projectRoot = "";
			targets = (
				983618FC28BEE18D00722EC0 /* TrendMedia_Assignment */,
			);
		};
/* End PBXProject section */

/* Begin PBXResourcesBuildPhase section */
		983618FB28BEE18D00722EC0 /* Resources */ = {
			isa = PBXResourcesBuildPhase;
			buildActionMask = 2147483647;
			files = (
				9836190D28BEE19200722EC0 /* LaunchScreen.storyboard in Resources */,
				9836190A28BEE19200722EC0 /* Assets.xcassets in Resources */,
				9836190828BEE18D00722EC0 /* Main.storyboard in Resources */,
				98F766A728BF20A100405BBC /* Setting.storyboard in Resources */,
			);
			runOnlyForDeploymentPostprocessing = 0;
		};
/* End PBXResourcesBuildPhase section */

/* Begin PBXSourcesBuildPhase section */
		983618F928BEE18D00722EC0 /* Sources */ = {
			isa = PBXSourcesBuildPhase;
			buildActionMask = 2147483647;
			files = (
				98F766A328BEE3B000405BBC /* CodingTipViewController.swift in Sources */,
				9836190528BEE18D00722EC0 /* ViewController.swift in Sources */,
				9836190128BEE18D00722EC0 /* AppDelegate.swift in Sources */,
				9836190328BEE18D00722EC0 /* SceneDelegate.swift in Sources */,
				98F766A528BF06CF00405BBC /* SettingTableViewController.swift in Sources */,
			);
			runOnlyForDeploymentPostprocessing = 0;
		};
/* End PBXSourcesBuildPhase section */

/* Begin PBXVariantGroup section */
		9836190628BEE18D00722EC0 /* Main.storyboard */ = {
			isa = PBXVariantGroup;
			children = (
				9836190728BEE18D00722EC0 /* Base */,
			);
			name = Main.storyboard;
			sourceTree = "<group>";
		};
		9836190B28BEE19200722EC0 /* LaunchScreen.storyboard */ = {
			isa = PBXVariantGroup;
			children = (
				9836190C28BEE19200722EC0 /* Base */,
			);
			name = LaunchScreen.storyboard;
			sourceTree = "<group>";
		};
/* End PBXVariantGroup section */

/* Begin XCBuildConfiguration section */
		9836190F28BEE19200722EC0 /* Debug */ = {
			isa = XCBuildConfiguration;
			buildSettings = {
				ALWAYS_SEARCH_USER_PATHS = NO;
				CLANG_ANALYZER_NONNULL = YES;
				CLANG_ANALYZER_NUMBER_OBJECT_CONVERSION = YES_AGGRESSIVE;
				CLANG_CXX_LANGUAGE_STANDARD = "gnu++17";
				CLANG_ENABLE_MODULES = YES;
				CLANG_ENABLE_OBJC_ARC = YES;
				CLANG_ENABLE_OBJC_WEAK = YES;
				CLANG_WARN_BLOCK_CAPTURE_AUTORELEASING = YES;
				CLANG_WARN_BOOL_CONVERSION = YES;
				CLANG_WARN_COMMA = YES;
				CLANG_WARN_CONSTANT_CONVERSION = YES;
				CLANG_WARN_DEPRECATED_OBJC_IMPLEMENTATIONS = YES;
				CLANG_WARN_DIRECT_OBJC_ISA_USAGE = YES_ERROR;
				CLANG_WARN_DOCUMENTATION_COMMENTS = YES;
				CLANG_WARN_EMPTY_BODY = YES;
				CLANG_WARN_ENUM_CONVERSION = YES;
				CLANG_WARN_INFINITE_RECURSION = YES;
				CLANG_WARN_INT_CONVERSION = YES;
				CLANG_WARN_NON_LITERAL_NULL_CONVERSION = YES;
				CLANG_WARN_OBJC_IMPLICIT_RETAIN_SELF = YES;
				CLANG_WARN_OBJC_LITERAL_CONVERSION = YES;
				CLANG_WARN_OBJC_ROOT_CLASS = YES_ERROR;
				CLANG_WARN_QUOTED_INCLUDE_IN_FRAMEWORK_HEADER = YES;
				CLANG_WARN_RANGE_LOOP_ANALYSIS = YES;
				CLANG_WARN_STRICT_PROTOTYPES = YES;
				CLANG_WARN_SUSPICIOUS_MOVE = YES;
				CLANG_WARN_UNGUARDED_AVAILABILITY = YES_AGGRESSIVE;
				CLANG_WARN_UNREACHABLE_CODE = YES;
				CLANG_WARN__DUPLICATE_METHOD_MATCH = YES;
				COPY_PHASE_STRIP = NO;
				DEBUG_INFORMATION_FORMAT = dwarf;
				ENABLE_STRICT_OBJC_MSGSEND = YES;
				ENABLE_TESTABILITY = YES;
				GCC_C_LANGUAGE_STANDARD = gnu11;
				GCC_DYNAMIC_NO_PIC = NO;
				GCC_NO_COMMON_BLOCKS = YES;
				GCC_OPTIMIZATION_LEVEL = 0;
				GCC_PREPROCESSOR_DEFINITIONS = (
					"DEBUG=1",
					"$(inherited)",
				);
				GCC_WARN_64_TO_32_BIT_CONVERSION = YES;
				GCC_WARN_ABOUT_RETURN_TYPE = YES_ERROR;
				GCC_WARN_UNDECLARED_SELECTOR = YES;
				GCC_WARN_UNINITIALIZED_AUTOS = YES_AGGRESSIVE;
				GCC_WARN_UNUSED_FUNCTION = YES;
				GCC_WARN_UNUSED_VARIABLE = YES;
				IPHONEOS_DEPLOYMENT_TARGET = 15.5;
				MTL_ENABLE_DEBUG_INFO = INCLUDE_SOURCE;
				MTL_FAST_MATH = YES;
				ONLY_ACTIVE_ARCH = YES;
				SDKROOT = iphoneos;
				SWIFT_ACTIVE_COMPILATION_CONDITIONS = DEBUG;
				SWIFT_OPTIMIZATION_LEVEL = "-Onone";
			};
			name = Debug;
		};
		9836191028BEE19200722EC0 /* Release */ = {
			isa = XCBuildConfiguration;
			buildSettings = {
				ALWAYS_SEARCH_USER_PATHS = NO;
				CLANG_ANALYZER_NONNULL = YES;
				CLANG_ANALYZER_NUMBER_OBJECT_CONVERSION = YES_AGGRESSIVE;
				CLANG_CXX_LANGUAGE_STANDARD = "gnu++17";
				CLANG_ENABLE_MODULES = YES;
				CLANG_ENABLE_OBJC_ARC = YES;
				CLANG_ENABLE_OBJC_WEAK = YES;
				CLANG_WARN_BLOCK_CAPTURE_AUTORELEASING = YES;
				CLANG_WARN_BOOL_CONVERSION = YES;
				CLANG_WARN_COMMA = YES;
				CLANG_WARN_CONSTANT_CONVERSION = YES;
				CLANG_WARN_DEPRECATED_OBJC_IMPLEMENTATIONS = YES;
				CLANG_WARN_DIRECT_OBJC_ISA_USAGE = YES_ERROR;
				CLANG_WARN_DOCUMENTATION_COMMENTS = YES;
				CLANG_WARN_EMPTY_BODY = YES;
				CLANG_WARN_ENUM_CONVERSION = YES;
				CLANG_WARN_INFINITE_RECURSION = YES;
				CLANG_WARN_INT_CONVERSION = YES;
				CLANG_WARN_NON_LITERAL_NULL_CONVERSION = YES;
				CLANG_WARN_OBJC_IMPLICIT_RETAIN_SELF = YES;
				CLANG_WARN_OBJC_LITERAL_CONVERSION = YES;
				CLANG_WARN_OBJC_ROOT_CLASS = YES_ERROR;
				CLANG_WARN_QUOTED_INCLUDE_IN_FRAMEWORK_HEADER = YES;
				CLANG_WARN_RANGE_LOOP_ANALYSIS = YES;
				CLANG_WARN_STRICT_PROTOTYPES = YES;
				CLANG_WARN_SUSPICIOUS_MOVE = YES;
				CLANG_WARN_UNGUARDED_AVAILABILITY = YES_AGGRESSIVE;
				CLANG_WARN_UNREACHABLE_CODE = YES;
				CLANG_WARN__DUPLICATE_METHOD_MATCH = YES;
				COPY_PHASE_STRIP = NO;
				DEBUG_INFORMATION_FORMAT = "dwarf-with-dsym";
				ENABLE_NS_ASSERTIONS = NO;
				ENABLE_STRICT_OBJC_MSGSEND = YES;
				GCC_C_LANGUAGE_STANDARD = gnu11;
				GCC_NO_COMMON_BLOCKS = YES;
				GCC_WARN_64_TO_32_BIT_CONVERSION = YES;
				GCC_WARN_ABOUT_RETURN_TYPE = YES_ERROR;
				GCC_WARN_UNDECLARED_SELECTOR = YES;
				GCC_WARN_UNINITIALIZED_AUTOS = YES_AGGRESSIVE;
				GCC_WARN_UNUSED_FUNCTION = YES;
				GCC_WARN_UNUSED_VARIABLE = YES;
				IPHONEOS_DEPLOYMENT_TARGET = 15.5;
				MTL_ENABLE_DEBUG_INFO = NO;
				MTL_FAST_MATH = YES;
				SDKROOT = iphoneos;
				SWIFT_COMPILATION_MODE = wholemodule;
				SWIFT_OPTIMIZATION_LEVEL = "-O";
				VALIDATE_PRODUCT = YES;
			};
			name = Release;
		};
		9836191228BEE19200722EC0 /* Debug */ = {
			isa = XCBuildConfiguration;
			buildSettings = {
				ASSETCATALOG_COMPILER_APPICON_NAME = AppIcon;
				ASSETCATALOG_COMPILER_GLOBAL_ACCENT_COLOR_NAME = AccentColor;
				CODE_SIGN_STYLE = Automatic;
				CURRENT_PROJECT_VERSION = 1;
				GENERATE_INFOPLIST_FILE = YES;
				INFOPLIST_FILE = TrendMedia_Assignment/Info.plist;
				INFOPLIST_KEY_UIApplicationSupportsIndirectInputEvents = YES;
				INFOPLIST_KEY_UILaunchStoryboardName = LaunchScreen;
				INFOPLIST_KEY_UIMainStoryboardFile = Main;
				INFOPLIST_KEY_UISupportedInterfaceOrientations_iPad = "UIInterfaceOrientationPortrait UIInterfaceOrientationPortraitUpsideDown UIInterfaceOrientationLandscapeLeft UIInterfaceOrientationLandscapeRight";
				INFOPLIST_KEY_UISupportedInterfaceOrientations_iPhone = "UIInterfaceOrientationPortrait UIInterfaceOrientationLandscapeLeft UIInterfaceOrientationLandscapeRight";
				LD_RUNPATH_SEARCH_PATHS = (
					"$(inherited)",
					"@executable_path/Frameworks",
				);
				MARKETING_VERSION = 1.0;
				PRODUCT_BUNDLE_IDENTIFIER = "com.taehwan.TrendMedia-Assignment";
				PRODUCT_NAME = "$(TARGET_NAME)";
				SWIFT_EMIT_LOC_STRINGS = YES;
				SWIFT_VERSION = 5.0;
				TARGETED_DEVICE_FAMILY = "1,2";
			};
			name = Debug;
		};
		9836191328BEE19200722EC0 /* Release */ = {
			isa = XCBuildConfiguration;
			buildSettings = {
				ASSETCATALOG_COMPILER_APPICON_NAME = AppIcon;
				ASSETCATALOG_COMPILER_GLOBAL_ACCENT_COLOR_NAME = AccentColor;
				CODE_SIGN_STYLE = Automatic;
				CURRENT_PROJECT_VERSION = 1;
				GENERATE_INFOPLIST_FILE = YES;
				INFOPLIST_FILE = TrendMedia_Assignment/Info.plist;
				INFOPLIST_KEY_UIApplicationSupportsIndirectInputEvents = YES;
				INFOPLIST_KEY_UILaunchStoryboardName = LaunchScreen;
				INFOPLIST_KEY_UIMainStoryboardFile = Main;
				INFOPLIST_KEY_UISupportedInterfaceOrientations_iPad = "UIInterfaceOrientationPortrait UIInterfaceOrientationPortraitUpsideDown UIInterfaceOrientationLandscapeLeft UIInterfaceOrientationLandscapeRight";
				INFOPLIST_KEY_UISupportedInterfaceOrientations_iPhone = "UIInterfaceOrientationPortrait UIInterfaceOrientationLandscapeLeft UIInterfaceOrientationLandscapeRight";
				LD_RUNPATH_SEARCH_PATHS = (
					"$(inherited)",
					"@executable_path/Frameworks",
				);
				MARKETING_VERSION = 1.0;
				PRODUCT_BUNDLE_IDENTIFIER = "com.taehwan.TrendMedia-Assignment";
				PRODUCT_NAME = "$(TARGET_NAME)";
				SWIFT_EMIT_LOC_STRINGS = YES;
				SWIFT_VERSION = 5.0;
				TARGETED_DEVICE_FAMILY = "1,2";
			};
			name = Release;
		};
/* End XCBuildConfiguration section */

/* Begin XCConfigurationList section */
		983618F828BEE18C00722EC0 /* Build configuration list for PBXProject "TrendMedia_Assignment" */ = {
			isa = XCConfigurationList;
			buildConfigurations = (
				9836190F28BEE19200722EC0 /* Debug */,
				9836191028BEE19200722EC0 /* Release */,
			);
			defaultConfigurationIsVisible = 0;
			defaultConfigurationName = Release;
		};
		9836191128BEE19200722EC0 /* Build configuration list for PBXNativeTarget "TrendMedia_Assignment" */ = {
			isa = XCConfigurationList;
			buildConfigurations = (
				9836191228BEE19200722EC0 /* Debug */,
				9836191328BEE19200722EC0 /* Release */,
			);
			defaultConfigurationIsVisible = 0;
			defaultConfigurationName = Release;
		};
/* End XCConfigurationList section */
	};
	rootObject = 983618F528BEE18C00722EC0 /* Project object */;
}
